
Microsoft Visual Studio Solution File, Format Version 12.00
# Visual Studio 15
VisualStudioVersion = 15.0.27703.2042
MinimumVisualStudioVersion = 10.0.40219.1
Project("{FAE04EC0-301F-11D3-BF4B-00C04F79EFBC}") = "BullsAndCows", "WindowsFormsApp1\BullsAndCows.csproj", "{9E7B3F5D-255F-4147-A8EA-DA44916385F9}"
EndProject
Global
	GlobalSection(SolutionConfigurationPlatforms) = preSolution
		Debug|Any CPU = Debug|Any CPU
		Release|Any CPU = Release|Any CPU
	EndGlobalSection
	GlobalSection(ProjectConfigurationPlatforms) = postSolution
		{9E7B3F5D-255F-4147-A8EA-DA44916385F9}.Debug|Any CPU.ActiveCfg = Debug|Any CPU
		{9E7B3F5D-255F-4147-A8EA-DA44916385F9}.Debug|Any CPU.Build.0 = Debug|Any CPU
		{9E7B3F5D-255F-4147-A8EA-DA44916385F9}.Release|Any CPU.ActiveCfg = Release|Any CPU
		{9E7B3F5D-255F-4147-A8EA-DA44916385F9}.Release|Any CPU.Build.0 = Release|Any CPU
	EndGlobalSection
	GlobalSection(SolutionProperties) = preSolution
		HideSolutionNode = FALSE
	EndGlobalSection
	GlobalSection(ExtensibilityGlobals) = postSolution
		SolutionGuid = {470DB968-0588-4363-9918-E083488E9228}
	EndGlobalSection
EndGlobal
